
Microsoft Visual Studio Solution File, Format Version 12.00
# Visual Studio 15
VisualStudioVersion = 15.0.28307.1145
MinimumVisualStudioVersion = 10.0.40219.1
Project("{FAE04EC0-301F-11D3-BF4B-00C04F79EFBC}") = "MSSP Claim Search", "MSSP Claim Search\MSSP Claim Search.csproj", "{D0DFBA73-4C5A-4F10-9BDA-7B53AE7E1970}"
EndProject
Global
	GlobalSection(SolutionConfigurationPlatforms) = preSolution
		Debug|Any CPU = Debug|Any CPU
		Release|Any CPU = Release|Any CPU
	EndGlobalSection
	GlobalSection(ProjectConfigurationPlatforms) = postSolution
		{D0DFBA73-4C5A-4F10-9BDA-7B53AE7E1970}.Debug|Any CPU.ActiveCfg = Debug|Any CPU
		{D0DFBA73-4C5A-4F10-9BDA-7B53AE7E1970}.Debug|Any CPU.Build.0 = Debug|Any CPU
		{D0DFBA73-4C5A-4F10-9BDA-7B53AE7E1970}.Release|Any CPU.ActiveCfg = Release|Any CPU
		{D0DFBA73-4C5A-4F10-9BDA-7B53AE7E1970}.Release|Any CPU.Build.0 = Release|Any CPU
	EndGlobalSection
	GlobalSection(SolutionProperties) = preSolution
		HideSolutionNode = FALSE
	EndGlobalSection
	GlobalSection(ExtensibilityGlobals) = postSolution
		SolutionGuid = {027E7E3B-3013-4280-A666-DA36F181ACCC}
	EndGlobalSection
EndGlobal
